
Microsoft Visual Studio Solution File, Format Version 12.00
# Visual Studio Version 17
VisualStudioVersion = 17.6.33829.357
MinimumVisualStudioVersion = 10.0.40219.1
Project("{FAE04EC0-301F-11D3-BF4B-00C04F79EFBC}") = "NXWalks.API", "NXWalks.API\NXWalks.API.csproj", "{C6791799-CC28-4161-ADBC-3FE291DBC1E3}"
EndProject
Global
	GlobalSection(SolutionConfigurationPlatforms) = preSolution
		Debug|Any CPU = Debug|Any CPU
		Release|Any CPU = Release|Any CPU
	EndGlobalSection
	GlobalSection(ProjectConfigurationPlatforms) = postSolution
		{C6791799-CC28-4161-ADBC-3FE291DBC1E3}.Debug|Any CPU.ActiveCfg = Debug|Any CPU
		{C6791799-CC28-4161-ADBC-3FE291DBC1E3}.Debug|Any CPU.Build.0 = Debug|Any CPU
		{C6791799-CC28-4161-ADBC-3FE291DBC1E3}.Release|Any CPU.ActiveCfg = Release|Any CPU
		{C6791799-CC28-4161-ADBC-3FE291DBC1E3}.Release|Any CPU.Build.0 = Release|Any CPU
	EndGlobalSection
	GlobalSection(SolutionProperties) = preSolution
		HideSolutionNode = FALSE
	EndGlobalSection
	GlobalSection(ExtensibilityGlobals) = postSolution
		SolutionGuid = {8B31A1F3-55B7-4908-904B-4FAD3D2FA10C}
	EndGlobalSection
EndGlobal
